
Microsoft Visual Studio Solution File, Format Version 11.00
# Visual Studio 2010
Project("{FAE04EC0-301F-11D3-BF4B-00C04F79EFBC}") = "GeoDashboardTs", "GeoDashboardTs\GeoDashboardTs.csproj", "{58C08D80-BFAA-4F07-8DCE-8D5768352CF4}"
EndProject
Global
	GlobalSection(SolutionConfigurationPlatforms) = preSolution
		Debug|Any CPU = Debug|Any CPU
	EndGlobalSection
	GlobalSection(ProjectConfigurationPlatforms) = postSolution
		{58C08D80-BFAA-4F07-8DCE-8D5768352CF4}.Debug|Any CPU.ActiveCfg = Debug|Any CPU
		{58C08D80-BFAA-4F07-8DCE-8D5768352CF4}.Debug|Any CPU.Build.0 = Debug|Any CPU
	EndGlobalSection
	GlobalSection(SolutionProperties) = preSolution
		HideSolutionNode = FALSE
	EndGlobalSection
EndGlobal
