
Microsoft Visual Studio Solution File, Format Version 11.00
# Visual Studio 2010
Project("{FAE04EC0-301F-11D3-BF4B-00C04F79EFBC}") = "InvexplorerTS", "InvexplorerTS\InvexplorerTS.csproj", "{02F82304-8368-48D2-B918-AFE2135F6DF6}"
EndProject
Global
	GlobalSection(SolutionConfigurationPlatforms) = preSolution
		Debug|Any CPU = Debug|Any CPU
	EndGlobalSection
	GlobalSection(ProjectConfigurationPlatforms) = postSolution
		{02F82304-8368-48D2-B918-AFE2135F6DF6}.Debug|Any CPU.ActiveCfg = Debug|Any CPU
		{02F82304-8368-48D2-B918-AFE2135F6DF6}.Debug|Any CPU.Build.0 = Debug|Any CPU
	EndGlobalSection
	GlobalSection(SolutionProperties) = preSolution
		HideSolutionNode = FALSE
	EndGlobalSection
EndGlobal
